
Microsoft Visual Studio Solution File, Format Version 12.00
# Visual Studio 14
VisualStudioVersion = 14.0.23107.0
MinimumVisualStudioVersion = 10.0.40219.1
Project("{FAE04EC0-301F-11D3-BF4B-00C04F79EFBC}") = "DendrobiiWine.Droid", "DendrobiiWine.Droid\DendrobiiWine.Droid.csproj", "{E9DA0556-CC69-4138-BE12-AEEF09EB48F3}"
EndProject
Project("{D954291E-2A0B-460D-934E-DC6B0785DB48}") = "DendrobiiWine", "DendrobiiWine\DendrobiiWine.shproj", "{D2FC86CE-2713-46C2-9B55-009418D8568E}"
EndProject
Global
	GlobalSection(SharedMSBuildProjectFiles) = preSolution
		DendrobiiWine\DendrobiiWine.projitems*{e9da0556-cc69-4138-be12-aeef09eb48f3}*SharedItemsImports = 4
		DendrobiiWine\DendrobiiWine.projitems*{d2fc86ce-2713-46c2-9b55-009418d8568e}*SharedItemsImports = 13
	EndGlobalSection
	GlobalSection(SolutionConfigurationPlatforms) = preSolution
		Debug|Any CPU = Debug|Any CPU
		Release|Any CPU = Release|Any CPU
	EndGlobalSection
	GlobalSection(ProjectConfigurationPlatforms) = postSolution
		{E9DA0556-CC69-4138-BE12-AEEF09EB48F3}.Debug|Any CPU.ActiveCfg = Debug|Any CPU
		{E9DA0556-CC69-4138-BE12-AEEF09EB48F3}.Debug|Any CPU.Build.0 = Debug|Any CPU
		{E9DA0556-CC69-4138-BE12-AEEF09EB48F3}.Debug|Any CPU.Deploy.0 = Debug|Any CPU
		{E9DA0556-CC69-4138-BE12-AEEF09EB48F3}.Release|Any CPU.ActiveCfg = Release|Any CPU
		{E9DA0556-CC69-4138-BE12-AEEF09EB48F3}.Release|Any CPU.Build.0 = Release|Any CPU
		{E9DA0556-CC69-4138-BE12-AEEF09EB48F3}.Release|Any CPU.Deploy.0 = Release|Any CPU
	EndGlobalSection
	GlobalSection(SolutionProperties) = preSolution
		HideSolutionNode = FALSE
	EndGlobalSection
EndGlobal
