
Microsoft Visual Studio Solution File, Format Version 12.00
# Visual Studio 14
VisualStudioVersion = 14.0.24720.0
MinimumVisualStudioVersion = 10.0.40219.1
Project("{FAE04EC0-301F-11D3-BF4B-00C04F79EFBC}") = "DendrobiiWine.Mobile.iOS", "DendrobiiWine.Mobile.iOS\DendrobiiWine.Mobile.iOS.csproj", "{9A68E3D0-8EE9-4D86-BC34-9B17A7C5FCFE}"
EndProject
Project("{FAE04EC0-301F-11D3-BF4B-00C04F79EFBC}") = "DendrobiiWine.Mobile.Droid", "DendrobiiWine.Mobile.Droid\DendrobiiWine.Mobile.Droid.csproj", "{9A578E4D-E0D8-466A-974B-F3A4530D5239}"
EndProject
Project("{D954291E-2A0B-460D-934E-DC6B0785DB48}") = "DendrobiiWine.Shared", "DendrobiiWine.Shared\DendrobiiWine.Shared.shproj", "{C76EB4F9-D91C-41A8-BABF-EFABD06EC90C}"
EndProject
Project("{FAE04EC0-301F-11D3-BF4B-00C04F79EFBC}") = "DendrobiiWine.Mobile.Repository", "DendrobiiWine.Mobile.Repository\DendrobiiWine.Mobile.Repository\DendrobiiWine.Mobile.Repository.csproj", "{7E81365F-73A9-47FA-8416-65138FCECB00}"
EndProject
Global
	GlobalSection(SharedMSBuildProjectFiles) = preSolution
		DendrobiiWine.Shared\DendrobiiWine.Shared.projitems*{9a578e4d-e0d8-466a-974b-f3a4530d5239}*SharedItemsImports = 4
		DendrobiiWine.Shared\DendrobiiWine.Shared.projitems*{9a68e3d0-8ee9-4d86-bc34-9b17a7c5fcfe}*SharedItemsImports = 4
		DendrobiiWine.Shared\DendrobiiWine.Shared.projitems*{c76eb4f9-d91c-41a8-babf-efabd06ec90c}*SharedItemsImports = 13
	EndGlobalSection
	GlobalSection(SolutionConfigurationPlatforms) = preSolution
		Ad-Hoc|Any CPU = Ad-Hoc|Any CPU
		Ad-Hoc|iPhone = Ad-Hoc|iPhone
		Ad-Hoc|iPhoneSimulator = Ad-Hoc|iPhoneSimulator
		AppStore|Any CPU = AppStore|Any CPU
		AppStore|iPhone = AppStore|iPhone
		AppStore|iPhoneSimulator = AppStore|iPhoneSimulator
		Debug|Any CPU = Debug|Any CPU
		Debug|iPhone = Debug|iPhone
		Debug|iPhoneSimulator = Debug|iPhoneSimulator
		Release|Any CPU = Release|Any CPU
		Release|iPhone = Release|iPhone
		Release|iPhoneSimulator = Release|iPhoneSimulator
	EndGlobalSection
	GlobalSection(ProjectConfigurationPlatforms) = postSolution
		{9A68E3D0-8EE9-4D86-BC34-9B17A7C5FCFE}.Ad-Hoc|Any CPU.ActiveCfg = Ad-Hoc|iPhone
		{9A68E3D0-8EE9-4D86-BC34-9B17A7C5FCFE}.Ad-Hoc|iPhone.ActiveCfg = Ad-Hoc|iPhone
		{9A68E3D0-8EE9-4D86-BC34-9B17A7C5FCFE}.Ad-Hoc|iPhone.Build.0 = Ad-Hoc|iPhone
		{9A68E3D0-8EE9-4D86-BC34-9B17A7C5FCFE}.Ad-Hoc|iPhoneSimulator.ActiveCfg = Ad-Hoc|iPhoneSimulator
		{9A68E3D0-8EE9-4D86-BC34-9B17A7C5FCFE}.Ad-Hoc|iPhoneSimulator.Build.0 = Ad-Hoc|iPhoneSimulator
		{9A68E3D0-8EE9-4D86-BC34-9B17A7C5FCFE}.AppStore|Any CPU.ActiveCfg = AppStore|iPhone
		{9A68E3D0-8EE9-4D86-BC34-9B17A7C5FCFE}.AppStore|iPhone.ActiveCfg = AppStore|iPhone
		{9A68E3D0-8EE9-4D86-BC34-9B17A7C5FCFE}.AppStore|iPhone.Build.0 = AppStore|iPhone
		{9A68E3D0-8EE9-4D86-BC34-9B17A7C5FCFE}.AppStore|iPhoneSimulator.ActiveCfg = AppStore|iPhoneSimulator
		{9A68E3D0-8EE9-4D86-BC34-9B17A7C5FCFE}.AppStore|iPhoneSimulator.Build.0 = AppStore|iPhoneSimulator
		{9A68E3D0-8EE9-4D86-BC34-9B17A7C5FCFE}.Debug|Any CPU.ActiveCfg = Debug|iPhone
		{9A68E3D0-8EE9-4D86-BC34-9B17A7C5FCFE}.Debug|iPhone.ActiveCfg = Debug|iPhone
		{9A68E3D0-8EE9-4D86-BC34-9B17A7C5FCFE}.Debug|iPhone.Build.0 = Debug|iPhone
		{9A68E3D0-8EE9-4D86-BC34-9B17A7C5FCFE}.Debug|iPhoneSimulator.ActiveCfg = Debug|iPhoneSimulator
		{9A68E3D0-8EE9-4D86-BC34-9B17A7C5FCFE}.Debug|iPhoneSimulator.Build.0 = Debug|iPhoneSimulator
		{9A68E3D0-8EE9-4D86-BC34-9B17A7C5FCFE}.Release|Any CPU.ActiveCfg = Release|iPhone
		{9A68E3D0-8EE9-4D86-BC34-9B17A7C5FCFE}.Release|iPhone.ActiveCfg = Release|iPhone
		{9A68E3D0-8EE9-4D86-BC34-9B17A7C5FCFE}.Release|iPhone.Build.0 = Release|iPhone
		{9A68E3D0-8EE9-4D86-BC34-9B17A7C5FCFE}.Release|iPhoneSimulator.ActiveCfg = Release|iPhoneSimulator
		{9A68E3D0-8EE9-4D86-BC34-9B17A7C5FCFE}.Release|iPhoneSimulator.Build.0 = Release|iPhoneSimulator
		{9A578E4D-E0D8-466A-974B-F3A4530D5239}.Ad-Hoc|Any CPU.ActiveCfg = Release|Any CPU
		{9A578E4D-E0D8-466A-974B-F3A4530D5239}.Ad-Hoc|Any CPU.Build.0 = Release|Any CPU
		{9A578E4D-E0D8-466A-974B-F3A4530D5239}.Ad-Hoc|Any CPU.Deploy.0 = Release|Any CPU
		{9A578E4D-E0D8-466A-974B-F3A4530D5239}.Ad-Hoc|iPhone.ActiveCfg = Release|Any CPU
		{9A578E4D-E0D8-466A-974B-F3A4530D5239}.Ad-Hoc|iPhone.Build.0 = Release|Any CPU
		{9A578E4D-E0D8-466A-974B-F3A4530D5239}.Ad-Hoc|iPhone.Deploy.0 = Release|Any CPU
		{9A578E4D-E0D8-466A-974B-F3A4530D5239}.Ad-Hoc|iPhoneSimulator.ActiveCfg = Release|Any CPU
		{9A578E4D-E0D8-466A-974B-F3A4530D5239}.Ad-Hoc|iPhoneSimulator.Build.0 = Release|Any CPU
		{9A578E4D-E0D8-466A-974B-F3A4530D5239}.Ad-Hoc|iPhoneSimulator.Deploy.0 = Release|Any CPU
		{9A578E4D-E0D8-466A-974B-F3A4530D5239}.AppStore|Any CPU.ActiveCfg = Release|Any CPU
		{9A578E4D-E0D8-466A-974B-F3A4530D5239}.AppStore|Any CPU.Build.0 = Release|Any CPU
		{9A578E4D-E0D8-466A-974B-F3A4530D5239}.AppStore|Any CPU.Deploy.0 = Release|Any CPU
		{9A578E4D-E0D8-466A-974B-F3A4530D5239}.AppStore|iPhone.ActiveCfg = Release|Any CPU
		{9A578E4D-E0D8-466A-974B-F3A4530D5239}.AppStore|iPhone.Build.0 = Release|Any CPU
		{9A578E4D-E0D8-466A-974B-F3A4530D5239}.AppStore|iPhone.Deploy.0 = Release|Any CPU
		{9A578E4D-E0D8-466A-974B-F3A4530D5239}.AppStore|iPhoneSimulator.ActiveCfg = Release|Any CPU
		{9A578E4D-E0D8-466A-974B-F3A4530D5239}.AppStore|iPhoneSimulator.Build.0 = Release|Any CPU
		{9A578E4D-E0D8-466A-974B-F3A4530D5239}.AppStore|iPhoneSimulator.Deploy.0 = Release|Any CPU
		{9A578E4D-E0D8-466A-974B-F3A4530D5239}.Debug|Any CPU.ActiveCfg = Debug|Any CPU
		{9A578E4D-E0D8-466A-974B-F3A4530D5239}.Debug|Any CPU.Build.0 = Debug|Any CPU
		{9A578E4D-E0D8-466A-974B-F3A4530D5239}.Debug|Any CPU.Deploy.0 = Debug|Any CPU
		{9A578E4D-E0D8-466A-974B-F3A4530D5239}.Debug|iPhone.ActiveCfg = Debug|Any CPU
		{9A578E4D-E0D8-466A-974B-F3A4530D5239}.Debug|iPhone.Build.0 = Debug|Any CPU
		{9A578E4D-E0D8-466A-974B-F3A4530D5239}.Debug|iPhone.Deploy.0 = Debug|Any CPU
		{9A578E4D-E0D8-466A-974B-F3A4530D5239}.Debug|iPhoneSimulator.ActiveCfg = Debug|Any CPU
		{9A578E4D-E0D8-466A-974B-F3A4530D5239}.Debug|iPhoneSimulator.Build.0 = Debug|Any CPU
		{9A578E4D-E0D8-466A-974B-F3A4530D5239}.Debug|iPhoneSimulator.Deploy.0 = Debug|Any CPU
		{9A578E4D-E0D8-466A-974B-F3A4530D5239}.Release|Any CPU.ActiveCfg = Release|Any CPU
		{9A578E4D-E0D8-466A-974B-F3A4530D5239}.Release|Any CPU.Build.0 = Release|Any CPU
		{9A578E4D-E0D8-466A-974B-F3A4530D5239}.Release|Any CPU.Deploy.0 = Release|Any CPU
		{9A578E4D-E0D8-466A-974B-F3A4530D5239}.Release|iPhone.ActiveCfg = Release|Any CPU
		{9A578E4D-E0D8-466A-974B-F3A4530D5239}.Release|iPhone.Build.0 = Release|Any CPU
		{9A578E4D-E0D8-466A-974B-F3A4530D5239}.Release|iPhone.Deploy.0 = Release|Any CPU
		{9A578E4D-E0D8-466A-974B-F3A4530D5239}.Release|iPhoneSimulator.ActiveCfg = Release|Any CPU
		{9A578E4D-E0D8-466A-974B-F3A4530D5239}.Release|iPhoneSimulator.Build.0 = Release|Any CPU
		{9A578E4D-E0D8-466A-974B-F3A4530D5239}.Release|iPhoneSimulator.Deploy.0 = Release|Any CPU
		{7E81365F-73A9-47FA-8416-65138FCECB00}.Ad-Hoc|Any CPU.ActiveCfg = Release|Any CPU
		{7E81365F-73A9-47FA-8416-65138FCECB00}.Ad-Hoc|Any CPU.Build.0 = Release|Any CPU
		{7E81365F-73A9-47FA-8416-65138FCECB00}.Ad-Hoc|iPhone.ActiveCfg = Release|Any CPU
		{7E81365F-73A9-47FA-8416-65138FCECB00}.Ad-Hoc|iPhone.Build.0 = Release|Any CPU
		{7E81365F-73A9-47FA-8416-65138FCECB00}.Ad-Hoc|iPhoneSimulator.ActiveCfg = Release|Any CPU
		{7E81365F-73A9-47FA-8416-65138FCECB00}.Ad-Hoc|iPhoneSimulator.Build.0 = Release|Any CPU
		{7E81365F-73A9-47FA-8416-65138FCECB00}.AppStore|Any CPU.ActiveCfg = Release|Any CPU
		{7E81365F-73A9-47FA-8416-65138FCECB00}.AppStore|Any CPU.Build.0 = Release|Any CPU
		{7E81365F-73A9-47FA-8416-65138FCECB00}.AppStore|iPhone.ActiveCfg = Release|Any CPU
		{7E81365F-73A9-47FA-8416-65138FCECB00}.AppStore|iPhone.Build.0 = Release|Any CPU
		{7E81365F-73A9-47FA-8416-65138FCECB00}.AppStore|iPhoneSimulator.ActiveCfg = Release|Any CPU
		{7E81365F-73A9-47FA-8416-65138FCECB00}.AppStore|iPhoneSimulator.Build.0 = Release|Any CPU
		{7E81365F-73A9-47FA-8416-65138FCECB00}.Debug|Any CPU.ActiveCfg = Debug|Any CPU
		{7E81365F-73A9-47FA-8416-65138FCECB00}.Debug|Any CPU.Build.0 = Debug|Any CPU
		{7E81365F-73A9-47FA-8416-65138FCECB00}.Debug|iPhone.ActiveCfg = Debug|Any CPU
		{7E81365F-73A9-47FA-8416-65138FCECB00}.Debug|iPhone.Build.0 = Debug|Any CPU
		{7E81365F-73A9-47FA-8416-65138FCECB00}.Debug|iPhoneSimulator.ActiveCfg = Debug|Any CPU
		{7E81365F-73A9-47FA-8416-65138FCECB00}.Debug|iPhoneSimulator.Build.0 = Debug|Any CPU
		{7E81365F-73A9-47FA-8416-65138FCECB00}.Release|Any CPU.ActiveCfg = Release|Any CPU
		{7E81365F-73A9-47FA-8416-65138FCECB00}.Release|Any CPU.Build.0 = Release|Any CPU
		{7E81365F-73A9-47FA-8416-65138FCECB00}.Release|iPhone.ActiveCfg = Release|Any CPU
		{7E81365F-73A9-47FA-8416-65138FCECB00}.Release|iPhone.Build.0 = Release|Any CPU
		{7E81365F-73A9-47FA-8416-65138FCECB00}.Release|iPhoneSimulator.ActiveCfg = Release|Any CPU
		{7E81365F-73A9-47FA-8416-65138FCECB00}.Release|iPhoneSimulator.Build.0 = Release|Any CPU
	EndGlobalSection
	GlobalSection(SolutionProperties) = preSolution
		HideSolutionNode = FALSE
	EndGlobalSection
EndGlobal
